
Microsoft Visual Studio Solution File, Format Version 12.00
# Visual Studio Version 16
VisualStudioVersion = 16.6.30114.105
MinimumVisualStudioVersion = 10.0.40219.1
Project("{9A19103F-16F7-4668-BE54-9A1E7A4F7556}") = "DrawTogether.UI.Server", "src\DrawTogether.UI\Server\DrawTogether.UI.Server.csproj", "{0357B9DF-91B5-4B57-9E19-68B64D257FAE}"
EndProject
Project("{9A19103F-16F7-4668-BE54-9A1E7A4F7556}") = "DrawTogether.UI.Shared", "src\DrawTogether.UI\Shared\DrawTogether.UI.Shared.csproj", "{308A77AD-9D61-4D4A-B003-CF59B0BCE1A6}"
EndProject
Project("{FAE04EC0-301F-11D3-BF4B-00C04F79EFBC}") = "DrawTogether", "src\DrawTogether.UI\DrawTogether\DrawTogether.csproj", "{E6333FA8-6FA4-477D-82FB-BF6CD229CD39}"
EndProject
Project("{2150E333-8FDC-42A3-9474-1A3956D46DE8}") = "build", "build", "{8CE7AE81-DC9A-439A-87CC-7E5CB8F894B1}"
	ProjectSection(SolutionItems) = preProject
		Directory.Build.props = Directory.Build.props
		Directory.Packages.props = Directory.Packages.props
		global.json = global.json
		nuget.config = nuget.config
		README.md = README.md
		RELEASE_NOTES.md = RELEASE_NOTES.md
	EndProjectSection
EndProject
Project("{FAE04EC0-301F-11D3-BF4B-00C04F79EFBC}") = "DrawTogether.Email", "src\DrawTogether.Email\DrawTogether.Email.csproj", "{ED49A473-3E9F-4689-8297-13C9030565CC}"
EndProject
Global
	GlobalSection(SolutionConfigurationPlatforms) = preSolution
		Debug|Any CPU = Debug|Any CPU
		Debug|x64 = Debug|x64
		Debug|x86 = Debug|x86
		Release|Any CPU = Release|Any CPU
		Release|x64 = Release|x64
		Release|x86 = Release|x86
	EndGlobalSection
	GlobalSection(ProjectConfigurationPlatforms) = postSolution
		{0357B9DF-91B5-4B57-9E19-68B64D257FAE}.Debug|Any CPU.ActiveCfg = Debug|Any CPU
		{0357B9DF-91B5-4B57-9E19-68B64D257FAE}.Debug|Any CPU.Build.0 = Debug|Any CPU
		{0357B9DF-91B5-4B57-9E19-68B64D257FAE}.Debug|x64.ActiveCfg = Debug|Any CPU
		{0357B9DF-91B5-4B57-9E19-68B64D257FAE}.Debug|x64.Build.0 = Debug|Any CPU
		{0357B9DF-91B5-4B57-9E19-68B64D257FAE}.Debug|x86.ActiveCfg = Debug|Any CPU
		{0357B9DF-91B5-4B57-9E19-68B64D257FAE}.Debug|x86.Build.0 = Debug|Any CPU
		{0357B9DF-91B5-4B57-9E19-68B64D257FAE}.Release|Any CPU.ActiveCfg = Release|Any CPU
		{0357B9DF-91B5-4B57-9E19-68B64D257FAE}.Release|Any CPU.Build.0 = Release|Any CPU
		{0357B9DF-91B5-4B57-9E19-68B64D257FAE}.Release|x64.ActiveCfg = Release|Any CPU
		{0357B9DF-91B5-4B57-9E19-68B64D257FAE}.Release|x64.Build.0 = Release|Any CPU
		{0357B9DF-91B5-4B57-9E19-68B64D257FAE}.Release|x86.ActiveCfg = Release|Any CPU
		{0357B9DF-91B5-4B57-9E19-68B64D257FAE}.Release|x86.Build.0 = Release|Any CPU
		{308A77AD-9D61-4D4A-B003-CF59B0BCE1A6}.Debug|Any CPU.ActiveCfg = Debug|Any CPU
		{308A77AD-9D61-4D4A-B003-CF59B0BCE1A6}.Debug|Any CPU.Build.0 = Debug|Any CPU
		{308A77AD-9D61-4D4A-B003-CF59B0BCE1A6}.Debug|x64.ActiveCfg = Debug|Any CPU
		{308A77AD-9D61-4D4A-B003-CF59B0BCE1A6}.Debug|x64.Build.0 = Debug|Any CPU
		{308A77AD-9D61-4D4A-B003-CF59B0BCE1A6}.Debug|x86.ActiveCfg = Debug|Any CPU
		{308A77AD-9D61-4D4A-B003-CF59B0BCE1A6}.Debug|x86.Build.0 = Debug|Any CPU
		{308A77AD-9D61-4D4A-B003-CF59B0BCE1A6}.Release|Any CPU.ActiveCfg = Release|Any CPU
		{308A77AD-9D61-4D4A-B003-CF59B0BCE1A6}.Release|Any CPU.Build.0 = Release|Any CPU
		{308A77AD-9D61-4D4A-B003-CF59B0BCE1A6}.Release|x64.ActiveCfg = Release|Any CPU
		{308A77AD-9D61-4D4A-B003-CF59B0BCE1A6}.Release|x64.Build.0 = Release|Any CPU
		{308A77AD-9D61-4D4A-B003-CF59B0BCE1A6}.Release|x86.ActiveCfg = Release|Any CPU
		{308A77AD-9D61-4D4A-B003-CF59B0BCE1A6}.Release|x86.Build.0 = Release|Any CPU
		{E6333FA8-6FA4-477D-82FB-BF6CD229CD39}.Debug|Any CPU.ActiveCfg = Debug|Any CPU
		{E6333FA8-6FA4-477D-82FB-BF6CD229CD39}.Debug|Any CPU.Build.0 = Debug|Any CPU
		{E6333FA8-6FA4-477D-82FB-BF6CD229CD39}.Debug|x64.ActiveCfg = Debug|Any CPU
		{E6333FA8-6FA4-477D-82FB-BF6CD229CD39}.Debug|x64.Build.0 = Debug|Any CPU
		{E6333FA8-6FA4-477D-82FB-BF6CD229CD39}.Debug|x86.ActiveCfg = Debug|Any CPU
		{E6333FA8-6FA4-477D-82FB-BF6CD229CD39}.Debug|x86.Build.0 = Debug|Any CPU
		{E6333FA8-6FA4-477D-82FB-BF6CD229CD39}.Release|Any CPU.ActiveCfg = Release|Any CPU
		{E6333FA8-6FA4-477D-82FB-BF6CD229CD39}.Release|Any CPU.Build.0 = Release|Any CPU
		{E6333FA8-6FA4-477D-82FB-BF6CD229CD39}.Release|x64.ActiveCfg = Release|Any CPU
		{E6333FA8-6FA4-477D-82FB-BF6CD229CD39}.Release|x64.Build.0 = Release|Any CPU
		{E6333FA8-6FA4-477D-82FB-BF6CD229CD39}.Release|x86.ActiveCfg = Release|Any CPU
		{E6333FA8-6FA4-477D-82FB-BF6CD229CD39}.Release|x86.Build.0 = Release|Any CPU
		{ED49A473-3E9F-4689-8297-13C9030565CC}.Debug|Any CPU.ActiveCfg = Debug|Any CPU
		{ED49A473-3E9F-4689-8297-13C9030565CC}.Debug|Any CPU.Build.0 = Debug|Any CPU
		{ED49A473-3E9F-4689-8297-13C9030565CC}.Debug|x64.ActiveCfg = Debug|Any CPU
		{ED49A473-3E9F-4689-8297-13C9030565CC}.Debug|x64.Build.0 = Debug|Any CPU
		{ED49A473-3E9F-4689-8297-13C9030565CC}.Debug|x86.ActiveCfg = Debug|Any CPU
		{ED49A473-3E9F-4689-8297-13C9030565CC}.Debug|x86.Build.0 = Debug|Any CPU
		{ED49A473-3E9F-4689-8297-13C9030565CC}.Release|Any CPU.ActiveCfg = Release|Any CPU
		{ED49A473-3E9F-4689-8297-13C9030565CC}.Release|Any CPU.Build.0 = Release|Any CPU
		{ED49A473-3E9F-4689-8297-13C9030565CC}.Release|x64.ActiveCfg = Release|Any CPU
		{ED49A473-3E9F-4689-8297-13C9030565CC}.Release|x64.Build.0 = Release|Any CPU
		{ED49A473-3E9F-4689-8297-13C9030565CC}.Release|x86.ActiveCfg = Release|Any CPU
		{ED49A473-3E9F-4689-8297-13C9030565CC}.Release|x86.Build.0 = Release|Any CPU
	EndGlobalSection
	GlobalSection(SolutionProperties) = preSolution
		HideSolutionNode = FALSE
	EndGlobalSection
	GlobalSection(ExtensibilityGlobals) = postSolution
		SolutionGuid = {09F1C740-C595-4A48-A7BC-CF5A8AB45BE3}
	EndGlobalSection
EndGlobal
